
Microsoft Visual Studio Solution File, Format Version 12.00
Project("{FAE04EC0-301F-11D3-BF4B-00C04F79EFBC}") = "Aula05.EntradaDadosParteDoisCSharp", "src\Aula05.EntradaDadosParteDoisCSharp\Aula05.EntradaDadosParteDoisCSharp.csproj", "{6A7F8B09-056D-4297-AA17-04E6D5EBF969}"
EndProject
Project("{FAE04EC0-301F-11D3-BF4B-00C04F79EFBC}") = "Aula01.TiposBasicosCSharp", "src\Aula01.TiposBasicosCSharp\Aula01.TiposBasicosCSharp.csproj", "{D49C278F-F8A6-4607-B521-1C5D84AC1B48}"
EndProject
Project("{FAE04EC0-301F-11D3-BF4B-00C04F79EFBC}") = "Aula02.SaidaDadosCSharp", "src\Aula02.SaidaDadosCSharp\Aula02.SaidaDadosCSharp.csproj", "{6B44AE2A-A55D-48EC-A314-0E69007A9EC2}"
EndProject
Project("{FAE04EC0-301F-11D3-BF4B-00C04F79EFBC}") = "Aula03.OperadoresAritmeticosCSharp", "src\Aula03.OperadoresAritmeticosCSharp\Aula03.OperadoresAritmeticosCSharp.csproj", "{3CF9B36A-F9E7-425F-8805-859D9F771D6E}"
EndProject
Project("{FAE04EC0-301F-11D3-BF4B-00C04F79EFBC}") = "Aula04.EntradaDadosParteUmCSharp", "src\Aula04.EntradaDadosParteUmCSharp\Aula04.EntradaDadosParteUmCSharp.csproj", "{86363F10-887D-48B6-A588-3B84BAEEBF1A}"
EndProject
Project("{FAE04EC0-301F-11D3-BF4B-00C04F79EFBC}") = "Aula06.OperadoresComparacaoELogicosCSharp", "src\Aula06.OperadoresComparacaoELogicosCSharp\Aula06.OperadoresComparacaoELogicosCSharp.csproj", "{7DC4B5A8-3709-4A09-8F11-17FCD2A9E371}"
EndProject
Project("{FAE04EC0-301F-11D3-BF4B-00C04F79EFBC}") = "Aula07.EstruturasCondicionaisCSharp", "src\Aula07.EstruturasCondicionaisCSharp\Aula07.EstruturasCondicionaisCSharp.csproj", "{15919411-5BFE-4ED7-BCD9-7527FBBE42F8}"
EndProject
Project("{FAE04EC0-301F-11D3-BF4B-00C04F79EFBC}") = "Aula08.FuncoesCSharp", "src\Aula08.FuncoesCSharp\Aula08.FuncoesCSharp.csproj", "{ABBF7D0D-4476-4D70-9CDD-6FF89CE8071B}"
EndProject
Project("{FAE04EC0-301F-11D3-BF4B-00C04F79EFBC}") = "Aula09.EstruturasRepeticaoCSharp", "src\Aula09.EstruturasRepeticaoCSharp\Aula09.EstruturasRepeticaoCSharp.csproj", "{C552FCBC-1C47-4DE0-B1E4-55516B62E8B2}"
EndProject
Global
	GlobalSection(SolutionConfigurationPlatforms) = preSolution
		Debug|Any CPU = Debug|Any CPU
		Release|Any CPU = Release|Any CPU
	EndGlobalSection
	GlobalSection(ProjectConfigurationPlatforms) = postSolution
		{384ED2F3-B5F2-41F5-8505-3A64781BCC3A}.Debug|Any CPU.ActiveCfg = Debug|Any CPU
		{384ED2F3-B5F2-41F5-8505-3A64781BCC3A}.Debug|Any CPU.Build.0 = Debug|Any CPU
		{384ED2F3-B5F2-41F5-8505-3A64781BCC3A}.Release|Any CPU.ActiveCfg = Release|Any CPU
		{384ED2F3-B5F2-41F5-8505-3A64781BCC3A}.Release|Any CPU.Build.0 = Release|Any CPU
		{C39F9D82-2F61-4BBC-9E6E-F6AD2CF3FF18}.Debug|Any CPU.ActiveCfg = Debug|Any CPU
		{C39F9D82-2F61-4BBC-9E6E-F6AD2CF3FF18}.Debug|Any CPU.Build.0 = Debug|Any CPU
		{C39F9D82-2F61-4BBC-9E6E-F6AD2CF3FF18}.Release|Any CPU.ActiveCfg = Release|Any CPU
		{C39F9D82-2F61-4BBC-9E6E-F6AD2CF3FF18}.Release|Any CPU.Build.0 = Release|Any CPU
		{13E25D2E-1F58-4271-9240-FE930217CA58}.Debug|Any CPU.ActiveCfg = Debug|Any CPU
		{13E25D2E-1F58-4271-9240-FE930217CA58}.Debug|Any CPU.Build.0 = Debug|Any CPU
		{13E25D2E-1F58-4271-9240-FE930217CA58}.Release|Any CPU.ActiveCfg = Release|Any CPU
		{13E25D2E-1F58-4271-9240-FE930217CA58}.Release|Any CPU.Build.0 = Release|Any CPU
		{6A7F8B09-056D-4297-AA17-04E6D5EBF969}.Debug|Any CPU.ActiveCfg = Debug|Any CPU
		{6A7F8B09-056D-4297-AA17-04E6D5EBF969}.Debug|Any CPU.Build.0 = Debug|Any CPU
		{6A7F8B09-056D-4297-AA17-04E6D5EBF969}.Release|Any CPU.ActiveCfg = Release|Any CPU
		{6A7F8B09-056D-4297-AA17-04E6D5EBF969}.Release|Any CPU.Build.0 = Release|Any CPU
		{D49C278F-F8A6-4607-B521-1C5D84AC1B48}.Debug|Any CPU.ActiveCfg = Debug|Any CPU
		{D49C278F-F8A6-4607-B521-1C5D84AC1B48}.Debug|Any CPU.Build.0 = Debug|Any CPU
		{D49C278F-F8A6-4607-B521-1C5D84AC1B48}.Release|Any CPU.ActiveCfg = Release|Any CPU
		{D49C278F-F8A6-4607-B521-1C5D84AC1B48}.Release|Any CPU.Build.0 = Release|Any CPU
		{6B44AE2A-A55D-48EC-A314-0E69007A9EC2}.Debug|Any CPU.ActiveCfg = Debug|Any CPU
		{6B44AE2A-A55D-48EC-A314-0E69007A9EC2}.Debug|Any CPU.Build.0 = Debug|Any CPU
		{6B44AE2A-A55D-48EC-A314-0E69007A9EC2}.Release|Any CPU.ActiveCfg = Release|Any CPU
		{6B44AE2A-A55D-48EC-A314-0E69007A9EC2}.Release|Any CPU.Build.0 = Release|Any CPU
		{3CF9B36A-F9E7-425F-8805-859D9F771D6E}.Debug|Any CPU.ActiveCfg = Debug|Any CPU
		{3CF9B36A-F9E7-425F-8805-859D9F771D6E}.Debug|Any CPU.Build.0 = Debug|Any CPU
		{3CF9B36A-F9E7-425F-8805-859D9F771D6E}.Release|Any CPU.ActiveCfg = Release|Any CPU
		{3CF9B36A-F9E7-425F-8805-859D9F771D6E}.Release|Any CPU.Build.0 = Release|Any CPU
		{86363F10-887D-48B6-A588-3B84BAEEBF1A}.Debug|Any CPU.ActiveCfg = Debug|Any CPU
		{86363F10-887D-48B6-A588-3B84BAEEBF1A}.Debug|Any CPU.Build.0 = Debug|Any CPU
		{86363F10-887D-48B6-A588-3B84BAEEBF1A}.Release|Any CPU.ActiveCfg = Release|Any CPU
		{86363F10-887D-48B6-A588-3B84BAEEBF1A}.Release|Any CPU.Build.0 = Release|Any CPU
		{7DC4B5A8-3709-4A09-8F11-17FCD2A9E371}.Debug|Any CPU.ActiveCfg = Debug|Any CPU
		{7DC4B5A8-3709-4A09-8F11-17FCD2A9E371}.Debug|Any CPU.Build.0 = Debug|Any CPU
		{7DC4B5A8-3709-4A09-8F11-17FCD2A9E371}.Release|Any CPU.ActiveCfg = Release|Any CPU
		{7DC4B5A8-3709-4A09-8F11-17FCD2A9E371}.Release|Any CPU.Build.0 = Release|Any CPU
		{15919411-5BFE-4ED7-BCD9-7527FBBE42F8}.Debug|Any CPU.ActiveCfg = Debug|Any CPU
		{15919411-5BFE-4ED7-BCD9-7527FBBE42F8}.Debug|Any CPU.Build.0 = Debug|Any CPU
		{15919411-5BFE-4ED7-BCD9-7527FBBE42F8}.Release|Any CPU.ActiveCfg = Release|Any CPU
		{15919411-5BFE-4ED7-BCD9-7527FBBE42F8}.Release|Any CPU.Build.0 = Release|Any CPU
		{ABBF7D0D-4476-4D70-9CDD-6FF89CE8071B}.Debug|Any CPU.ActiveCfg = Debug|Any CPU
		{ABBF7D0D-4476-4D70-9CDD-6FF89CE8071B}.Debug|Any CPU.Build.0 = Debug|Any CPU
		{ABBF7D0D-4476-4D70-9CDD-6FF89CE8071B}.Release|Any CPU.ActiveCfg = Release|Any CPU
		{ABBF7D0D-4476-4D70-9CDD-6FF89CE8071B}.Release|Any CPU.Build.0 = Release|Any CPU
		{C552FCBC-1C47-4DE0-B1E4-55516B62E8B2}.Debug|Any CPU.ActiveCfg = Debug|Any CPU
		{C552FCBC-1C47-4DE0-B1E4-55516B62E8B2}.Debug|Any CPU.Build.0 = Debug|Any CPU
		{C552FCBC-1C47-4DE0-B1E4-55516B62E8B2}.Release|Any CPU.ActiveCfg = Release|Any CPU
		{C552FCBC-1C47-4DE0-B1E4-55516B62E8B2}.Release|Any CPU.Build.0 = Release|Any CPU
	EndGlobalSection
EndGlobal
